
Microsoft Visual Studio Solution File, Format Version 12.00
# Visual Studio Version 17
VisualStudioVersion = 17.9.34714.143
MinimumVisualStudioVersion = 10.0.40219.1
Project("{FAE04EC0-301F-11D3-BF4B-00C04F79EFBC}") = "WebApplication", "WebApplication.csproj", "{EB05B7AD-DF77-4727-A22B-91CDAD248806}"
EndProject
Global
	GlobalSection(SolutionConfigurationPlatforms) = preSolution
		Debug|Any CPU = Debug|Any CPU
		Release|Any CPU = Release|Any CPU
	EndGlobalSection
	GlobalSection(ProjectConfigurationPlatforms) = postSolution
		{EB05B7AD-DF77-4727-A22B-91CDAD248806}.Debug|Any CPU.ActiveCfg = Debug|Any CPU
		{EB05B7AD-DF77-4727-A22B-91CDAD248806}.Debug|Any CPU.Build.0 = Debug|Any CPU
		{EB05B7AD-DF77-4727-A22B-91CDAD248806}.Release|Any CPU.ActiveCfg = Release|Any CPU
		{EB05B7AD-DF77-4727-A22B-91CDAD248806}.Release|Any CPU.Build.0 = Release|Any CPU
	EndGlobalSection
	GlobalSection(SolutionProperties) = preSolution
		HideSolutionNode = FALSE
	EndGlobalSection
	GlobalSection(ExtensibilityGlobals) = postSolution
		SolutionGuid = {D894D9C2-18EF-4AEB-A499-901F2321A766}
	EndGlobalSection
EndGlobal
